// !$*UTF8*$!
{
	archiveVersion = 1;
	classes = {
	};
	objectVersion = 46;
	objects = {

/* Begin PBXBuildFile section */
		D082110718A31D2F00585E6F /* main.c in Sources */ = {isa = PBXBuildFile; fileRef = D082110618A31D2F00585E6F /* main.c */; };
		D082110918A31D2F00585E6F /* alder_start.1 in CopyFiles */ = {isa = PBXBuildFile; fileRef = D082110818A31D2F00585E6F /* alder_start.1 */; };
/* End PBXBuildFile section */

/* Begin PBXCopyFilesBuildPhase section */
		D082110118A31D2F00585E6F /* CopyFiles */ = {
			isa = PBXCopyFilesBuildPhase;
			buildActionMask = 2147483647;
			dstPath = /usr/share/man/man1/;
			dstSubfolderSpec = 0;
			files = (
				D082110918A31D2F00585E6F /* alder_start.1 in CopyFiles */,
			);
			runOnlyForDeploymentPostprocessing = 1;
		};
/* End PBXCopyFilesBuildPhase section */

/* Begin PBXFileReference section */
		D082110318A31D2F00585E6F /* alder-start */ = {isa = PBXFileReference; explicitFileType = "compiled.mach-o.executable"; includeInIndex = 0; path = "alder-start"; sourceTree = BUILT_PRODUCTS_DIR; };
		D082110618A31D2F00585E6F /* main.c */ = {isa = PBXFileReference; lastKnownFileType = sourcecode.c.c; path = main.c; sourceTree = "<group>"; };
		D082110818A31D2F00585E6F /* alder_start.1 */ = {isa = PBXFileReference; lastKnownFileType = text.man; path = alder_start.1; sourceTree = "<group>"; };
		D082110F18A31D3700585E6F /* README */ = {isa = PBXFileReference; fileEncoding = 4; lastKnownFileType = text; path = README; sourceTree = "<group>"; };
/* End PBXFileReference section */

/* Begin PBXFrameworksBuildPhase section */
		D082110018A31D2F00585E6F /* Frameworks */ = {
			isa = PBXFrameworksBuildPhase;
			buildActionMask = 2147483647;
			files = (
			);
			runOnlyForDeploymentPostprocessing = 0;
		};
/* End PBXFrameworksBuildPhase section */

/* Begin PBXGroup section */
		D08210FA18A31D2F00585E6F = {
			isa = PBXGroup;
			children = (
				D082110F18A31D3700585E6F /* README */,
				D082110518A31D2F00585E6F /* alder-start */,
				D082110418A31D2F00585E6F /* Products */,
			);
			sourceTree = "<group>";
		};
		D082110418A31D2F00585E6F /* Products */ = {
			isa = PBXGroup;
			children = (
				D082110318A31D2F00585E6F /* alder-start */,
			);
			name = Products;
			sourceTree = "<group>";
		};
		D082110518A31D2F00585E6F /* alder-start */ = {
			isa = PBXGroup;
			children = (
				D082110618A31D2F00585E6F /* main.c */,
				D082110818A31D2F00585E6F /* alder_start.1 */,
			);
			path = "alder-start";
			sourceTree = "<group>";
		};
/* End PBXGroup section */

/* Begin PBXNativeTarget section */
		D082110218A31D2F00585E6F /* alder-start */ = {
			isa = PBXNativeTarget;
			buildConfigurationList = D082110C18A31D2F00585E6F /* Build configuration list for PBXNativeTarget "alder-start" */;
			buildPhases = (
				D08210FF18A31D2F00585E6F /* Sources */,
				D082110018A31D2F00585E6F /* Frameworks */,
				D082110118A31D2F00585E6F /* CopyFiles */,
			);
			buildRules = (
			);
			dependencies = (
			);
			name = "alder-start";
			productName = "alder-start";
			productReference = D082110318A31D2F00585E6F /* alder-start */;
			productType = "com.apple.product-type.tool";
		};
/* End PBXNativeTarget section */

/* Begin PBXProject section */
		D08210FB18A31D2F00585E6F /* Project object */ = {
			isa = PBXProject;
			attributes = {
				LastUpgradeCheck = 0500;
				ORGANIZATIONNAME = "Sang Chul Choi";
			};
			buildConfigurationList = D08210FE18A31D2F00585E6F /* Build configuration list for PBXProject "alder-start" */;
			compatibilityVersion = "Xcode 3.2";
			developmentRegion = English;
			hasScannedForEncodings = 0;
			knownRegions = (
				en,
			);
			mainGroup = D08210FA18A31D2F00585E6F;
			productRefGroup = D082110418A31D2F00585E6F /* Products */;
			projectDirPath = "";
			projectRoot = "";
			targets = (
				D082110218A31D2F00585E6F /* alder-start */,
			);
		};
/* End PBXProject section */

/* Begin PBXSourcesBuildPhase section */
		D08210FF18A31D2F00585E6F /* Sources */ = {
			isa = PBXSourcesBuildPhase;
			buildActionMask = 2147483647;
			files = (
				D082110718A31D2F00585E6F /* main.c in Sources */,
			);
			runOnlyForDeploymentPostprocessing = 0;
		};
/* End PBXSourcesBuildPhase section */

/* Begin XCBuildConfiguration section */
		D082110A18A31D2F00585E6F /* Debug */ = {
			isa = XCBuildConfiguration;
			buildSettings = {
				ALWAYS_SEARCH_USER_PATHS = NO;
				CLANG_CXX_LANGUAGE_STANDARD = "gnu++0x";
				CLANG_CXX_LIBRARY = "libc++";
				CLANG_ENABLE_OBJC_ARC = YES;
				CLANG_WARN_BOOL_CONVERSION = YES;
				CLANG_WARN_CONSTANT_CONVERSION = YES;
				CLANG_WARN_DIRECT_OBJC_ISA_USAGE = YES_ERROR;
				CLANG_WARN_EMPTY_BODY = YES;
				CLANG_WARN_ENUM_CONVERSION = YES;
				CLANG_WARN_INT_CONVERSION = YES;
				CLANG_WARN_OBJC_ROOT_CLASS = YES_ERROR;
				CLANG_WARN__DUPLICATE_METHOD_MATCH = YES;
				COPY_PHASE_STRIP = NO;
				GCC_C_LANGUAGE_STANDARD = gnu99;
				GCC_DYNAMIC_NO_PIC = NO;
				GCC_ENABLE_OBJC_EXCEPTIONS = YES;
				GCC_OPTIMIZATION_LEVEL = 0;
				GCC_PREPROCESSOR_DEFINITIONS = (
					"DEBUG=1",
					"$(inherited)",
				);
				GCC_SYMBOLS_PRIVATE_EXTERN = NO;
				GCC_WARN_64_TO_32_BIT_CONVERSION = YES;
				GCC_WARN_ABOUT_RETURN_TYPE = YES_ERROR;
				GCC_WARN_UNDECLARED_SELECTOR = YES;
				GCC_WARN_UNINITIALIZED_AUTOS = YES;
				GCC_WARN_UNUSED_FUNCTION = YES;
				GCC_WARN_UNUSED_VARIABLE = YES;
				MACOSX_DEPLOYMENT_TARGET = 10.9;
				ONLY_ACTIVE_ARCH = YES;
				SDKROOT = macosx;
			};
			name = Debug;
		};
		D082110B18A31D2F00585E6F /* Release */ = {
			isa = XCBuildConfiguration;
			buildSettings = {
				ALWAYS_SEARCH_USER_PATHS = NO;
				CLANG_CXX_LANGUAGE_STANDARD = "gnu++0x";
				CLANG_CXX_LIBRARY = "libc++";
				CLANG_ENABLE_OBJC_ARC = YES;
				CLANG_WARN_BOOL_CONVERSION = YES;
				CLANG_WARN_CONSTANT_CONVERSION = YES;
				CLANG_WARN_DIRECT_OBJC_ISA_USAGE = YES_ERROR;
				CLANG_WARN_EMPTY_BODY = YES;
				CLANG_WARN_ENUM_CONVERSION = YES;
				CLANG_WARN_INT_CONVERSION = YES;
				CLANG_WARN_OBJC_ROOT_CLASS = YES_ERROR;
				CLANG_WARN__DUPLICATE_METHOD_MATCH = YES;
				COPY_PHASE_STRIP = YES;
				DEBUG_INFORMATION_FORMAT = "dwarf-with-dsym";
				ENABLE_NS_ASSERTIONS = NO;
				GCC_C_LANGUAGE_STANDARD = gnu99;
				GCC_ENABLE_OBJC_EXCEPTIONS = YES;
				GCC_WARN_64_TO_32_BIT_CONVERSION = YES;
				GCC_WARN_ABOUT_RETURN_TYPE = YES_ERROR;
				GCC_WARN_UNDECLARED_SELECTOR = YES;
				GCC_WARN_UNINITIALIZED_AUTOS = YES;
				GCC_WARN_UNUSED_FUNCTION = YES;
				GCC_WARN_UNUSED_VARIABLE = YES;
				MACOSX_DEPLOYMENT_TARGET = 10.9;
				SDKROOT = macosx;
			};
			name = Release;
		};
		D082110D18A31D2F00585E6F /* Debug */ = {
			isa = XCBuildConfiguration;
			buildSettings = {
				PRODUCT_NAME = "$(TARGET_NAME)";
			};
			name = Debug;
		};
		D082110E18A31D2F00585E6F /* Release */ = {
			isa = XCBuildConfiguration;
			buildSettings = {
				PRODUCT_NAME = "$(TARGET_NAME)";
			};
			name = Release;
		};
/* End XCBuildConfiguration section */

/* Begin XCConfigurationList section */
		D08210FE18A31D2F00585E6F /* Build configuration list for PBXProject "alder-start" */ = {
			isa = XCConfigurationList;
			buildConfigurations = (
				D082110A18A31D2F00585E6F /* Debug */,
				D082110B18A31D2F00585E6F /* Release */,
			);
			defaultConfigurationIsVisible = 0;
			defaultConfigurationName = Release;
		};
		D082110C18A31D2F00585E6F /* Build configuration list for PBXNativeTarget "alder-start" */ = {
			isa = XCConfigurationList;
			buildConfigurations = (
				D082110D18A31D2F00585E6F /* Debug */,
				D082110E18A31D2F00585E6F /* Release */,
			);
			defaultConfigurationIsVisible = 0;
		};
/* End XCConfigurationList section */
	};
	rootObject = D08210FB18A31D2F00585E6F /* Project object */;
}
